// !$*UTF8*$!
{
	archiveVersion = 1;
	classes = {
	};
	objectVersion = 50;
	objects = {

/* Begin PBXBuildFile section */
		0733144422E7BB2F00A8FAAA /* HomeViewController.swift in Sources */ = {isa = PBXBuildFile; fileRef = 0733144322E7BB2F00A8FAAA /* HomeViewController.swift */; };
		0733144722E7BFAB00A8FAAA /* CommitDetailCell.swift in Sources */ = {isa = PBXBuildFile; fileRef = 0733144622E7BFAB00A8FAAA /* CommitDetailCell.swift */; };
		0733144A22E7C30300A8FAAA /* UIView.swift in Sources */ = {isa = PBXBuildFile; fileRef = 0733144922E7C30300A8FAAA /* UIView.swift */; };
		0733145022E7C4BA00A8FAAA /* APIManager.swift in Sources */ = {isa = PBXBuildFile; fileRef = 0733144F22E7C4BA00A8FAAA /* APIManager.swift */; };
		0733145222E7C51100A8FAAA /* APIManager+GitHubAPI.swift in Sources */ = {isa = PBXBuildFile; fileRef = 0733145122E7C51100A8FAAA /* APIManager+GitHubAPI.swift */; };
		0733145422E7CC3200A8FAAA /* CommitResponse.swift in Sources */ = {isa = PBXBuildFile; fileRef = 0733145322E7CC3200A8FAAA /* CommitResponse.swift */; };
		07454C6722E7B4FF008DEB79 /* AppDelegate.swift in Sources */ = {isa = PBXBuildFile; fileRef = 07454C6622E7B4FF008DEB79 /* AppDelegate.swift */; };
		07454C6E22E7B500008DEB79 /* Assets.xcassets in Resources */ = {isa = PBXBuildFile; fileRef = 07454C6D22E7B500008DEB79 /* Assets.xcassets */; };
		25FCBEBC816B14F7F874C1E7 /* Pods_GitHub_API.framework in Frameworks */ = {isa = PBXBuildFile; fileRef = 98B4D711D7D6AD363E6F3B53 /* Pods_GitHub_API.framework */; };
/* End PBXBuildFile section */

/* Begin PBXFileReference section */
		0733144322E7BB2F00A8FAAA /* HomeViewController.swift */ = {isa = PBXFileReference; lastKnownFileType = sourcecode.swift; path = HomeViewController.swift; sourceTree = "<group>"; };
		0733144622E7BFAB00A8FAAA /* CommitDetailCell.swift */ = {isa = PBXFileReference; lastKnownFileType = sourcecode.swift; path = CommitDetailCell.swift; sourceTree = "<group>"; };
		0733144922E7C30300A8FAAA /* UIView.swift */ = {isa = PBXFileReference; lastKnownFileType = sourcecode.swift; path = UIView.swift; sourceTree = "<group>"; };
		0733144F22E7C4BA00A8FAAA /* APIManager.swift */ = {isa = PBXFileReference; lastKnownFileType = sourcecode.swift; path = APIManager.swift; sourceTree = "<group>"; };
		0733145122E7C51100A8FAAA /* APIManager+GitHubAPI.swift */ = {isa = PBXFileReference; lastKnownFileType = sourcecode.swift; path = "APIManager+GitHubAPI.swift"; sourceTree = "<group>"; };
		0733145322E7CC3200A8FAAA /* CommitResponse.swift */ = {isa = PBXFileReference; lastKnownFileType = sourcecode.swift; path = CommitResponse.swift; sourceTree = "<group>"; };
		07454C6322E7B4FF008DEB79 /* GitHub API.app */ = {isa = PBXFileReference; explicitFileType = wrapper.application; includeInIndex = 0; path = "GitHub API.app"; sourceTree = BUILT_PRODUCTS_DIR; };
		07454C6622E7B4FF008DEB79 /* AppDelegate.swift */ = {isa = PBXFileReference; lastKnownFileType = sourcecode.swift; path = AppDelegate.swift; sourceTree = "<group>"; };
		07454C6D22E7B500008DEB79 /* Assets.xcassets */ = {isa = PBXFileReference; lastKnownFileType = folder.assetcatalog; path = Assets.xcassets; sourceTree = "<group>"; };
		07454C7222E7B500008DEB79 /* Info.plist */ = {isa = PBXFileReference; lastKnownFileType = text.plist.xml; path = Info.plist; sourceTree = "<group>"; };
		4219D778C14F564EF8533D90 /* Pods-GitHub API.release.xcconfig */ = {isa = PBXFileReference; includeInIndex = 1; lastKnownFileType = text.xcconfig; name = "Pods-GitHub API.release.xcconfig"; path = "Pods/Target Support Files/Pods-GitHub API/Pods-GitHub API.release.xcconfig"; sourceTree = "<group>"; };
		78141A02C49C99763BA58392 /* Pods-GitHub API.debug.xcconfig */ = {isa = PBXFileReference; includeInIndex = 1; lastKnownFileType = text.xcconfig; name = "Pods-GitHub API.debug.xcconfig"; path = "Pods/Target Support Files/Pods-GitHub API/Pods-GitHub API.debug.xcconfig"; sourceTree = "<group>"; };
		98B4D711D7D6AD363E6F3B53 /* Pods_GitHub_API.framework */ = {isa = PBXFileReference; explicitFileType = wrapper.framework; includeInIndex = 0; path = Pods_GitHub_API.framework; sourceTree = BUILT_PRODUCTS_DIR; };
/* End PBXFileReference section */

/* Begin PBXFrameworksBuildPhase section */
		07454C6022E7B4FF008DEB79 /* Frameworks */ = {
			isa = PBXFrameworksBuildPhase;
			buildActionMask = 2147483647;
			files = (
				25FCBEBC816B14F7F874C1E7 /* Pods_GitHub_API.framework in Frameworks */,
			);
			runOnlyForDeploymentPostprocessing = 0;
		};
/* End PBXFrameworksBuildPhase section */

/* Begin PBXGroup section */
		0733144222E7BB2200A8FAAA /* UI */ = {
			isa = PBXGroup;
			children = (
				0733144522E7BF5C00A8FAAA /* View */,
				0733144322E7BB2F00A8FAAA /* HomeViewController.swift */,
			);
			path = UI;
			sourceTree = "<group>";
		};
		0733144522E7BF5C00A8FAAA /* View */ = {
			isa = PBXGroup;
			children = (
				0733144622E7BFAB00A8FAAA /* CommitDetailCell.swift */,
			);
			path = View;
			sourceTree = "<group>";
		};
		0733144822E7C2E800A8FAAA /* Extension */ = {
			isa = PBXGroup;
			children = (
				0733144922E7C30300A8FAAA /* UIView.swift */,
			);
			path = Extension;
			sourceTree = "<group>";
		};
		0733144B22E7C47300A8FAAA /* Network */ = {
			isa = PBXGroup;
			children = (
				0733144C22E7C48A00A8FAAA /* API */,
				0733144D22E7C48F00A8FAAA /* Request */,
				0733144E22E7C49F00A8FAAA /* Response */,
			);
			path = Network;
			sourceTree = "<group>";
		};
		0733144C22E7C48A00A8FAAA /* API */ = {
			isa = PBXGroup;
			children = (
				0733144F22E7C4BA00A8FAAA /* APIManager.swift */,
				0733145122E7C51100A8FAAA /* APIManager+GitHubAPI.swift */,
			);
			path = API;
			sourceTree = "<group>";
		};
		0733144D22E7C48F00A8FAAA /* Request */ = {
			isa = PBXGroup;
			children = (
			);
			path = Request;
			sourceTree = "<group>";
		};
		0733144E22E7C49F00A8FAAA /* Response */ = {
			isa = PBXGroup;
			children = (
				0733145322E7CC3200A8FAAA /* CommitResponse.swift */,
			);
			path = Response;
			sourceTree = "<group>";
		};
		07454C5A22E7B4FF008DEB79 = {
			isa = PBXGroup;
			children = (
				07454C6522E7B4FF008DEB79 /* GitHub API */,
				07454C6422E7B4FF008DEB79 /* Products */,
				AC674BACED8902EDA8C6690E /* Pods */,
				F2B7E5A4AF62B9DE75C61EE8 /* Frameworks */,
			);
			sourceTree = "<group>";
		};
		07454C6422E7B4FF008DEB79 /* Products */ = {
			isa = PBXGroup;
			children = (
				07454C6322E7B4FF008DEB79 /* GitHub API.app */,
			);
			name = Products;
			sourceTree = "<group>";
		};
		07454C6522E7B4FF008DEB79 /* GitHub API */ = {
			isa = PBXGroup;
			children = (
				0733144822E7C2E800A8FAAA /* Extension */,
				0733144B22E7C47300A8FAAA /* Network */,
				0733144222E7BB2200A8FAAA /* UI */,
				07454C6622E7B4FF008DEB79 /* AppDelegate.swift */,
				07454C6D22E7B500008DEB79 /* Assets.xcassets */,
				07454C7222E7B500008DEB79 /* Info.plist */,
			);
			path = "GitHub API";
			sourceTree = "<group>";
		};
		AC674BACED8902EDA8C6690E /* Pods */ = {
			isa = PBXGroup;
			children = (
				78141A02C49C99763BA58392 /* Pods-GitHub API.debug.xcconfig */,
				4219D778C14F564EF8533D90 /* Pods-GitHub API.release.xcconfig */,
			);
			name = Pods;
			sourceTree = "<group>";
		};
		F2B7E5A4AF62B9DE75C61EE8 /* Frameworks */ = {
			isa = PBXGroup;
			children = (
				98B4D711D7D6AD363E6F3B53 /* Pods_GitHub_API.framework */,
			);
			name = Frameworks;
			sourceTree = "<group>";
		};
/* End PBXGroup section */

/* Begin PBXNativeTarget section */
		07454C6222E7B4FF008DEB79 /* GitHub API */ = {
			isa = PBXNativeTarget;
			buildConfigurationList = 07454C7522E7B500008DEB79 /* Build configuration list for PBXNativeTarget "GitHub API" */;
			buildPhases = (
				6F2A68931B96887339DD6818 /* [CP] Check Pods Manifest.lock */,
				07454C5F22E7B4FF008DEB79 /* Sources */,
				07454C6022E7B4FF008DEB79 /* Frameworks */,
				07454C6122E7B4FF008DEB79 /* Resources */,
				0649AC55794176086307F693 /* [CP] Embed Pods Frameworks */,
			);
			buildRules = (
			);
			dependencies = (
			);
			name = "GitHub API";
			productName = "GitHub API";
			productReference = 07454C6322E7B4FF008DEB79 /* GitHub API.app */;
			productType = "com.apple.product-type.application";
		};
/* End PBXNativeTarget section */

/* Begin PBXProject section */
		07454C5B22E7B4FF008DEB79 /* Project object */ = {
			isa = PBXProject;
			attributes = {
				LastSwiftUpdateCheck = 1020;
				LastUpgradeCheck = 1020;
				ORGANIZATIONNAME = "Yifu Rong";
				TargetAttributes = {
					07454C6222E7B4FF008DEB79 = {
						CreatedOnToolsVersion = 10.2.1;
					};
				};
			};
			buildConfigurationList = 07454C5E22E7B4FF008DEB79 /* Build configuration list for PBXProject "GitHub API" */;
			compatibilityVersion = "Xcode 9.3";
			developmentRegion = en;
			hasScannedForEncodings = 0;
			knownRegions = (
				en,
				Base,
			);
			mainGroup = 07454C5A22E7B4FF008DEB79;
			productRefGroup = 07454C6422E7B4FF008DEB79 /* Products */;
			projectDirPath = "";
			projectRoot = "";
			targets = (
				07454C6222E7B4FF008DEB79 /* GitHub API */,
			);
		};
/* End PBXProject section */

/* Begin PBXResourcesBuildPhase section */
		07454C6122E7B4FF008DEB79 /* Resources */ = {
			isa = PBXResourcesBuildPhase;
			buildActionMask = 2147483647;
			files = (
				07454C6E22E7B500008DEB79 /* Assets.xcassets in Resources */,
			);
			runOnlyForDeploymentPostprocessing = 0;
		};
/* End PBXResourcesBuildPhase section */

/* Begin PBXShellScriptBuildPhase section */
		0649AC55794176086307F693 /* [CP] Embed Pods Frameworks */ = {
			isa = PBXShellScriptBuildPhase;
			buildActionMask = 2147483647;
			files = (
			);
			inputPaths = (
				"${SRCROOT}/Pods/Target Support Files/Pods-GitHub API/Pods-GitHub API-frameworks.sh",
				"${BUILT_PRODUCTS_DIR}/Alamofire/Alamofire.framework",
				"${BUILT_PRODUCTS_DIR}/PKHUD/PKHUD.framework",
				"${BUILT_PRODUCTS_DIR}/SnapKit/SnapKit.framework",
			);
			name = "[CP] Embed Pods Frameworks";
			outputPaths = (
				"${TARGET_BUILD_DIR}/${FRAMEWORKS_FOLDER_PATH}/Alamofire.framework",
				"${TARGET_BUILD_DIR}/${FRAMEWORKS_FOLDER_PATH}/PKHUD.framework",
				"${TARGET_BUILD_DIR}/${FRAMEWORKS_FOLDER_PATH}/SnapKit.framework",
			);
			runOnlyForDeploymentPostprocessing = 0;
			shellPath = /bin/sh;
			shellScript = "\"${SRCROOT}/Pods/Target Support Files/Pods-GitHub API/Pods-GitHub API-frameworks.sh\"\n";
			showEnvVarsInLog = 0;
		};
		6F2A68931B96887339DD6818 /* [CP] Check Pods Manifest.lock */ = {
			isa = PBXShellScriptBuildPhase;
			buildActionMask = 2147483647;
			files = (
			);
			inputPaths = (
				"${PODS_PODFILE_DIR_PATH}/Podfile.lock",
				"${PODS_ROOT}/Manifest.lock",
			);
			name = "[CP] Check Pods Manifest.lock";
			outputPaths = (
				"$(DERIVED_FILE_DIR)/Pods-GitHub API-checkManifestLockResult.txt",
			);
			runOnlyForDeploymentPostprocessing = 0;
			shellPath = /bin/sh;
			shellScript = "diff \"${PODS_PODFILE_DIR_PATH}/Podfile.lock\" \"${PODS_ROOT}/Manifest.lock\" > /dev/null\nif [ $? != 0 ] ; then\n    # print error to STDERR\n    echo \"error: The sandbox is not in sync with the Podfile.lock. Run 'pod install' or update your CocoaPods installation.\" >&2\n    exit 1\nfi\n# This output is used by Xcode 'outputs' to avoid re-running this script phase.\necho \"SUCCESS\" > \"${SCRIPT_OUTPUT_FILE_0}\"\n";
			showEnvVarsInLog = 0;
		};
/* End PBXShellScriptBuildPhase section */

/* Begin PBXSourcesBuildPhase section */
		07454C5F22E7B4FF008DEB79 /* Sources */ = {
			isa = PBXSourcesBuildPhase;
			buildActionMask = 2147483647;
			files = (
				0733145222E7C51100A8FAAA /* APIManager+GitHubAPI.swift in Sources */,
				0733144A22E7C30300A8FAAA /* UIView.swift in Sources */,
				07454C6722E7B4FF008DEB79 /* AppDelegate.swift in Sources */,
				0733145022E7C4BA00A8FAAA /* APIManager.swift in Sources */,
				0733144422E7BB2F00A8FAAA /* HomeViewController.swift in Sources */,
				0733145422E7CC3200A8FAAA /* CommitResponse.swift in Sources */,
				0733144722E7BFAB00A8FAAA /* CommitDetailCell.swift in Sources */,
			);
			runOnlyForDeploymentPostprocessing = 0;
		};
/* End PBXSourcesBuildPhase section */

/* Begin XCBuildConfiguration section */
		07454C7322E7B500008DEB79 /* Debug */ = {
			isa = XCBuildConfiguration;
			buildSettings = {
				ALWAYS_SEARCH_USER_PATHS = NO;
				CLANG_ANALYZER_NONNULL = YES;
				CLANG_ANALYZER_NUMBER_OBJECT_CONVERSION = YES_AGGRESSIVE;
				CLANG_CXX_LANGUAGE_STANDARD = "gnu++14";
				CLANG_CXX_LIBRARY = "libc++";
				CLANG_ENABLE_MODULES = YES;
				CLANG_ENABLE_OBJC_ARC = YES;
				CLANG_ENABLE_OBJC_WEAK = YES;
				CLANG_WARN_BLOCK_CAPTURE_AUTORELEASING = YES;
				CLANG_WARN_BOOL_CONVERSION = YES;
				CLANG_WARN_COMMA = YES;
				CLANG_WARN_CONSTANT_CONVERSION = YES;
				CLANG_WARN_DEPRECATED_OBJC_IMPLEMENTATIONS = YES;
				CLANG_WARN_DIRECT_OBJC_ISA_USAGE = YES_ERROR;
				CLANG_WARN_DOCUMENTATION_COMMENTS = YES;
				CLANG_WARN_EMPTY_BODY = YES;
				CLANG_WARN_ENUM_CONVERSION = YES;
				CLANG_WARN_INFINITE_RECURSION = YES;
				CLANG_WARN_INT_CONVERSION = YES;
				CLANG_WARN_NON_LITERAL_NULL_CONVERSION = YES;
				CLANG_WARN_OBJC_IMPLICIT_RETAIN_SELF = YES;
				CLANG_WARN_OBJC_LITERAL_CONVERSION = YES;
				CLANG_WARN_OBJC_ROOT_CLASS = YES_ERROR;
				CLANG_WARN_RANGE_LOOP_ANALYSIS = YES;
				CLANG_WARN_STRICT_PROTOTYPES = YES;
				CLANG_WARN_SUSPICIOUS_MOVE = YES;
				CLANG_WARN_UNGUARDED_AVAILABILITY = YES_AGGRESSIVE;
				CLANG_WARN_UNREACHABLE_CODE = YES;
				CLANG_WARN__DUPLICATE_METHOD_MATCH = YES;
				CODE_SIGN_IDENTITY = "iPhone Developer";
				COPY_PHASE_STRIP = NO;
				DEBUG_INFORMATION_FORMAT = dwarf;
				ENABLE_STRICT_OBJC_MSGSEND = YES;
				ENABLE_TESTABILITY = YES;
				GCC_C_LANGUAGE_STANDARD = gnu11;
				GCC_DYNAMIC_NO_PIC = NO;
				GCC_NO_COMMON_BLOCKS = YES;
				GCC_OPTIMIZATION_LEVEL = 0;
				GCC_PREPROCESSOR_DEFINITIONS = (
					"DEBUG=1",
					"$(inherited)",
				);
				GCC_WARN_64_TO_32_BIT_CONVERSION = YES;
				GCC_WARN_ABOUT_RETURN_TYPE = YES_ERROR;
				GCC_WARN_UNDECLARED_SELECTOR = YES;
				GCC_WARN_UNINITIALIZED_AUTOS = YES_AGGRESSIVE;
				GCC_WARN_UNUSED_FUNCTION = YES;
				GCC_WARN_UNUSED_VARIABLE = YES;
				IPHONEOS_DEPLOYMENT_TARGET = 12.2;
				MTL_ENABLE_DEBUG_INFO = INCLUDE_SOURCE;
				MTL_FAST_MATH = YES;
				ONLY_ACTIVE_ARCH = YES;
				SDKROOT = iphoneos;
				SWIFT_ACTIVE_COMPILATION_CONDITIONS = DEBUG;
				SWIFT_OPTIMIZATION_LEVEL = "-Onone";
			};
			name = Debug;
		};
		07454C7422E7B500008DEB79 /* Release */ = {
			isa = XCBuildConfiguration;
			buildSettings = {
				ALWAYS_SEARCH_USER_PATHS = NO;
				CLANG_ANALYZER_NONNULL = YES;
				CLANG_ANALYZER_NUMBER_OBJECT_CONVERSION = YES_AGGRESSIVE;
				CLANG_CXX_LANGUAGE_STANDARD = "gnu++14";
				CLANG_CXX_LIBRARY = "libc++";
				CLANG_ENABLE_MODULES = YES;
				CLANG_ENABLE_OBJC_ARC = YES;
				CLANG_ENABLE_OBJC_WEAK = YES;
				CLANG_WARN_BLOCK_CAPTURE_AUTORELEASING = YES;
				CLANG_WARN_BOOL_CONVERSION = YES;
				CLANG_WARN_COMMA = YES;
				CLANG_WARN_CONSTANT_CONVERSION = YES;
				CLANG_WARN_DEPRECATED_OBJC_IMPLEMENTATIONS = YES;
				CLANG_WARN_DIRECT_OBJC_ISA_USAGE = YES_ERROR;
				CLANG_WARN_DOCUMENTATION_COMMENTS = YES;
				CLANG_WARN_EMPTY_BODY = YES;
				CLANG_WARN_ENUM_CONVERSION = YES;
				CLANG_WARN_INFINITE_RECURSION = YES;
				CLANG_WARN_INT_CONVERSION = YES;
				CLANG_WARN_NON_LITERAL_NULL_CONVERSION = YES;
				CLANG_WARN_OBJC_IMPLICIT_RETAIN_SELF = YES;
				CLANG_WARN_OBJC_LITERAL_CONVERSION = YES;
				CLANG_WARN_OBJC_ROOT_CLASS = YES_ERROR;
				CLANG_WARN_RANGE_LOOP_ANALYSIS = YES;
				CLANG_WARN_STRICT_PROTOTYPES = YES;
				CLANG_WARN_SUSPICIOUS_MOVE = YES;
				CLANG_WARN_UNGUARDED_AVAILABILITY = YES_AGGRESSIVE;
				CLANG_WARN_UNREACHABLE_CODE = YES;
				CLANG_WARN__DUPLICATE_METHOD_MATCH = YES;
				CODE_SIGN_IDENTITY = "iPhone Developer";
				COPY_PHASE_STRIP = NO;
				DEBUG_INFORMATION_FORMAT = "dwarf-with-dsym";
				ENABLE_NS_ASSERTIONS = NO;
				ENABLE_STRICT_OBJC_MSGSEND = YES;
				GCC_C_LANGUAGE_STANDARD = gnu11;
				GCC_NO_COMMON_BLOCKS = YES;
				GCC_WARN_64_TO_32_BIT_CONVERSION = YES;
				GCC_WARN_ABOUT_RETURN_TYPE = YES_ERROR;
				GCC_WARN_UNDECLARED_SELECTOR = YES;
				GCC_WARN_UNINITIALIZED_AUTOS = YES_AGGRESSIVE;
				GCC_WARN_UNUSED_FUNCTION = YES;
				GCC_WARN_UNUSED_VARIABLE = YES;
				IPHONEOS_DEPLOYMENT_TARGET = 12.2;
				MTL_ENABLE_DEBUG_INFO = NO;
				MTL_FAST_MATH = YES;
				SDKROOT = iphoneos;
				SWIFT_COMPILATION_MODE = wholemodule;
				SWIFT_OPTIMIZATION_LEVEL = "-O";
				VALIDATE_PRODUCT = YES;
			};
			name = Release;
		};
		07454C7622E7B500008DEB79 /* Debug */ = {
			isa = XCBuildConfiguration;
			baseConfigurationReference = 78141A02C49C99763BA58392 /* Pods-GitHub API.debug.xcconfig */;
			buildSettings = {
				ASSETCATALOG_COMPILER_APPICON_NAME = AppIcon;
				CODE_SIGN_STYLE = Automatic;
				DEVELOPMENT_TEAM = MS22FGWGV4;
				INFOPLIST_FILE = "GitHub API/Info.plist";
				LD_RUNPATH_SEARCH_PATHS = (
					"$(inherited)",
					"@executable_path/Frameworks",
				);
				PRODUCT_BUNDLE_IDENTIFIER = "com.Yifu.GitHub-API";
				PRODUCT_NAME = "$(TARGET_NAME)";
				SWIFT_VERSION = 5.0;
				TARGETED_DEVICE_FAMILY = "1,2";
			};
			name = Debug;
		};
		07454C7722E7B500008DEB79 /* Release */ = {
			isa = XCBuildConfiguration;
			baseConfigurationReference = 4219D778C14F564EF8533D90 /* Pods-GitHub API.release.xcconfig */;
			buildSettings = {
				ASSETCATALOG_COMPILER_APPICON_NAME = AppIcon;
				CODE_SIGN_STYLE = Automatic;
				DEVELOPMENT_TEAM = MS22FGWGV4;
				INFOPLIST_FILE = "GitHub API/Info.plist";
				LD_RUNPATH_SEARCH_PATHS = (
					"$(inherited)",
					"@executable_path/Frameworks",
				);
				PRODUCT_BUNDLE_IDENTIFIER = "com.Yifu.GitHub-API";
				PRODUCT_NAME = "$(TARGET_NAME)";
				SWIFT_VERSION = 5.0;
				TARGETED_DEVICE_FAMILY = "1,2";
			};
			name = Release;
		};
/* End XCBuildConfiguration section */

/* Begin XCConfigurationList section */
		07454C5E22E7B4FF008DEB79 /* Build configuration list for PBXProject "GitHub API" */ = {
			isa = XCConfigurationList;
			buildConfigurations = (
				07454C7322E7B500008DEB79 /* Debug */,
				07454C7422E7B500008DEB79 /* Release */,
			);
			defaultConfigurationIsVisible = 0;
			defaultConfigurationName = Release;
		};
		07454C7522E7B500008DEB79 /* Build configuration list for PBXNativeTarget "GitHub API" */ = {
			isa = XCConfigurationList;
			buildConfigurations = (
				07454C7622E7B500008DEB79 /* Debug */,
				07454C7722E7B500008DEB79 /* Release */,
			);
			defaultConfigurationIsVisible = 0;
			defaultConfigurationName = Release;
		};
/* End XCConfigurationList section */
	};
	rootObject = 07454C5B22E7B4FF008DEB79 /* Project object */;
}
